
Microsoft Visual Studio Solution File, Format Version 12.00
# Visual Studio 2013
VisualStudioVersion = 12.0.30723.0
MinimumVisualStudioVersion = 10.0.40219.1
Project("{FAE04EC0-301F-11D3-BF4B-00C04F79EFBC}") = "01.StringBuilderSubstring", "01.StringBuilderSubstring\01.StringBuilderSubstring.csproj", "{8652A6ED-3ADA-480B-9CA5-F69A8492DFC0}"
EndProject
Project("{FAE04EC0-301F-11D3-BF4B-00C04F79EFBC}") = "02.IEnumerableExtensions", "02.IEnumerableExtensions\02.IEnumerableExtensions.csproj", "{DEB3FA1C-5224-4049-99FB-58596EF8377C}"
EndProject
Project("{FAE04EC0-301F-11D3-BF4B-00C04F79EFBC}") = "06.DivisibleBySevenAndThree", "06.DivisibleBySevenAndThree\06.DivisibleBySevenAndThree.csproj", "{2217464A-090E-40EC-9FEA-BA8A2A20C629}"
EndProject
Project("{FAE04EC0-301F-11D3-BF4B-00C04F79EFBC}") = "07.Timer", "07.Timer\07.Timer.csproj", "{EB935EFB-F85E-486B-B722-886E2200034C}"
EndProject
Project("{FAE04EC0-301F-11D3-BF4B-00C04F79EFBC}") = "08.Events", "08.Events\08.Events.csproj", "{0088FC3D-CBCA-4A1C-A44B-D47F6D3EFD37}"
EndProject
Project("{FAE04EC0-301F-11D3-BF4B-00C04F79EFBC}") = "17.LongestString", "17.LongestString\17.LongestString.csproj", "{87228D59-4ED2-4199-91F7-068983BE05FC}"
EndProject
Project("{FAE04EC0-301F-11D3-BF4B-00C04F79EFBC}") = "StudentTasks", "StudentTasks\StudentTasks.csproj", "{4C795A6E-928F-4955-88EE-DA00DEF9FDE5}"
EndProject
Global
	GlobalSection(SolutionConfigurationPlatforms) = preSolution
		Debug|Any CPU = Debug|Any CPU
		Release|Any CPU = Release|Any CPU
	EndGlobalSection
	GlobalSection(ProjectConfigurationPlatforms) = postSolution
		{8652A6ED-3ADA-480B-9CA5-F69A8492DFC0}.Debug|Any CPU.ActiveCfg = Debug|Any CPU
		{8652A6ED-3ADA-480B-9CA5-F69A8492DFC0}.Debug|Any CPU.Build.0 = Debug|Any CPU
		{8652A6ED-3ADA-480B-9CA5-F69A8492DFC0}.Release|Any CPU.ActiveCfg = Release|Any CPU
		{8652A6ED-3ADA-480B-9CA5-F69A8492DFC0}.Release|Any CPU.Build.0 = Release|Any CPU
		{DEB3FA1C-5224-4049-99FB-58596EF8377C}.Debug|Any CPU.ActiveCfg = Debug|Any CPU
		{DEB3FA1C-5224-4049-99FB-58596EF8377C}.Debug|Any CPU.Build.0 = Debug|Any CPU
		{DEB3FA1C-5224-4049-99FB-58596EF8377C}.Release|Any CPU.ActiveCfg = Release|Any CPU
		{DEB3FA1C-5224-4049-99FB-58596EF8377C}.Release|Any CPU.Build.0 = Release|Any CPU
		{2217464A-090E-40EC-9FEA-BA8A2A20C629}.Debug|Any CPU.ActiveCfg = Debug|Any CPU
		{2217464A-090E-40EC-9FEA-BA8A2A20C629}.Debug|Any CPU.Build.0 = Debug|Any CPU
		{2217464A-090E-40EC-9FEA-BA8A2A20C629}.Release|Any CPU.ActiveCfg = Release|Any CPU
		{2217464A-090E-40EC-9FEA-BA8A2A20C629}.Release|Any CPU.Build.0 = Release|Any CPU
		{EB935EFB-F85E-486B-B722-886E2200034C}.Debug|Any CPU.ActiveCfg = Debug|Any CPU
		{EB935EFB-F85E-486B-B722-886E2200034C}.Debug|Any CPU.Build.0 = Debug|Any CPU
		{EB935EFB-F85E-486B-B722-886E2200034C}.Release|Any CPU.ActiveCfg = Release|Any CPU
		{EB935EFB-F85E-486B-B722-886E2200034C}.Release|Any CPU.Build.0 = Release|Any CPU
		{0088FC3D-CBCA-4A1C-A44B-D47F6D3EFD37}.Debug|Any CPU.ActiveCfg = Debug|Any CPU
		{0088FC3D-CBCA-4A1C-A44B-D47F6D3EFD37}.Debug|Any CPU.Build.0 = Debug|Any CPU
		{0088FC3D-CBCA-4A1C-A44B-D47F6D3EFD37}.Release|Any CPU.ActiveCfg = Release|Any CPU
		{0088FC3D-CBCA-4A1C-A44B-D47F6D3EFD37}.Release|Any CPU.Build.0 = Release|Any CPU
		{87228D59-4ED2-4199-91F7-068983BE05FC}.Debug|Any CPU.ActiveCfg = Debug|Any CPU
		{87228D59-4ED2-4199-91F7-068983BE05FC}.Debug|Any CPU.Build.0 = Debug|Any CPU
		{87228D59-4ED2-4199-91F7-068983BE05FC}.Release|Any CPU.ActiveCfg = Release|Any CPU
		{87228D59-4ED2-4199-91F7-068983BE05FC}.Release|Any CPU.Build.0 = Release|Any CPU
		{4C795A6E-928F-4955-88EE-DA00DEF9FDE5}.Debug|Any CPU.ActiveCfg = Debug|Any CPU
		{4C795A6E-928F-4955-88EE-DA00DEF9FDE5}.Debug|Any CPU.Build.0 = Debug|Any CPU
		{4C795A6E-928F-4955-88EE-DA00DEF9FDE5}.Release|Any CPU.ActiveCfg = Release|Any CPU
		{4C795A6E-928F-4955-88EE-DA00DEF9FDE5}.Release|Any CPU.Build.0 = Release|Any CPU
	EndGlobalSection
	GlobalSection(SolutionProperties) = preSolution
		HideSolutionNode = FALSE
	EndGlobalSection
EndGlobal
