
Microsoft Visual Studio Solution File, Format Version 12.00
# Visual Studio 2013
VisualStudioVersion = 12.0.30723.0
MinimumVisualStudioVersion = 10.0.40219.1
Project("{FAE04EC0-301F-11D3-BF4B-00C04F79EFBC}") = "01.AllocateArray", "01.AllocateArray\01.AllocateArray.csproj", "{F72E0261-F299-44EE-A183-1824602B00E1}"
EndProject
Project("{FAE04EC0-301F-11D3-BF4B-00C04F79EFBC}") = "02.CompareArrays", "02.CompareArrays\02.CompareArrays.csproj", "{E05AE418-E543-4324-9450-E9487746BDC0}"
EndProject
Project("{FAE04EC0-301F-11D3-BF4B-00C04F79EFBC}") = "03.CompareCharArrays", "03.CompareCharArrays\03.CompareCharArrays.csproj", "{6F592A44-5ABC-48F9-A053-4D44E9594479}"
EndProject
Project("{FAE04EC0-301F-11D3-BF4B-00C04F79EFBC}") = "04.MaximalSequence", "04.MaximalSequence\04.MaximalSequence.csproj", "{D50A2606-920B-45A9-8134-0A88ACE1E4E0}"
EndProject
Project("{FAE04EC0-301F-11D3-BF4B-00C04F79EFBC}") = "05.MaximalIncreasingSequence", "05.MaximalIncreasingSequence\05.MaximalIncreasingSequence.csproj", "{04D6447D-D2C6-45D0-AA6D-E61AF8FC1252}"
EndProject
Project("{FAE04EC0-301F-11D3-BF4B-00C04F79EFBC}") = "06.MaximalKSum", "06.MaximalKSum\06.MaximalKSum.csproj", "{C1982A00-2194-4579-9997-0FC1BB4065FF}"
EndProject
Project("{FAE04EC0-301F-11D3-BF4B-00C04F79EFBC}") = "07.SelectionSort", "07.SelectionSort\07.SelectionSort.csproj", "{F8B9AAD5-5DBD-4EAD-B9FA-28ED84FC0792}"
EndProject
Project("{FAE04EC0-301F-11D3-BF4B-00C04F79EFBC}") = "08.MaximalSum", "08.MaximalSum\08.MaximalSum.csproj", "{2AAF4665-5DEE-47ED-A453-881DBC8BA2F5}"
EndProject
Project("{FAE04EC0-301F-11D3-BF4B-00C04F79EFBC}") = "09.FrequentNumber", "09.FrequentNumber\09.FrequentNumber.csproj", "{2FF0D982-71AA-407F-B4ED-14F0B4FBA799}"
EndProject
Project("{FAE04EC0-301F-11D3-BF4B-00C04F79EFBC}") = "10.FindSumInArray", "10.FindSumInArray\10.FindSumInArray.csproj", "{7F11D29D-ACF0-43EF-9C19-FA5639DE50DA}"
EndProject
Project("{FAE04EC0-301F-11D3-BF4B-00C04F79EFBC}") = "11.BinarySearch", "11.BinarySearch\11.BinarySearch.csproj", "{75277FB7-A798-4D6A-AE2A-F0C8A9AB6D85}"
EndProject
Project("{FAE04EC0-301F-11D3-BF4B-00C04F79EFBC}") = "12.IndexOfLetters", "12.IndexOfLetters\12.IndexOfLetters.csproj", "{F8DB9581-403A-4195-B637-7F77B8D4B2B0}"
EndProject
Project("{FAE04EC0-301F-11D3-BF4B-00C04F79EFBC}") = "13.MergeSort", "13.MergeSort\13.MergeSort.csproj", "{032B2B83-BDDF-45DC-B12C-1CC58FB72336}"
EndProject
Project("{FAE04EC0-301F-11D3-BF4B-00C04F79EFBC}") = "14.QuickSort", "14.QuickSort\14.QuickSort.csproj", "{50C3F08B-0008-4444-B0A9-D1FB20D1BBB3}"
EndProject
Project("{FAE04EC0-301F-11D3-BF4B-00C04F79EFBC}") = "15.PrimeNumbers", "15.PrimeNumbers\15.PrimeNumbers.csproj", "{6AF73725-BDAE-468B-8EBB-9DFED145BEBC}"
EndProject
Global
	GlobalSection(SolutionConfigurationPlatforms) = preSolution
		Debug|Any CPU = Debug|Any CPU
		Release|Any CPU = Release|Any CPU
	EndGlobalSection
	GlobalSection(ProjectConfigurationPlatforms) = postSolution
		{F72E0261-F299-44EE-A183-1824602B00E1}.Debug|Any CPU.ActiveCfg = Debug|Any CPU
		{F72E0261-F299-44EE-A183-1824602B00E1}.Debug|Any CPU.Build.0 = Debug|Any CPU
		{F72E0261-F299-44EE-A183-1824602B00E1}.Release|Any CPU.ActiveCfg = Release|Any CPU
		{F72E0261-F299-44EE-A183-1824602B00E1}.Release|Any CPU.Build.0 = Release|Any CPU
		{E05AE418-E543-4324-9450-E9487746BDC0}.Debug|Any CPU.ActiveCfg = Debug|Any CPU
		{E05AE418-E543-4324-9450-E9487746BDC0}.Debug|Any CPU.Build.0 = Debug|Any CPU
		{E05AE418-E543-4324-9450-E9487746BDC0}.Release|Any CPU.ActiveCfg = Release|Any CPU
		{E05AE418-E543-4324-9450-E9487746BDC0}.Release|Any CPU.Build.0 = Release|Any CPU
		{6F592A44-5ABC-48F9-A053-4D44E9594479}.Debug|Any CPU.ActiveCfg = Debug|Any CPU
		{6F592A44-5ABC-48F9-A053-4D44E9594479}.Debug|Any CPU.Build.0 = Debug|Any CPU
		{6F592A44-5ABC-48F9-A053-4D44E9594479}.Release|Any CPU.ActiveCfg = Release|Any CPU
		{6F592A44-5ABC-48F9-A053-4D44E9594479}.Release|Any CPU.Build.0 = Release|Any CPU
		{D50A2606-920B-45A9-8134-0A88ACE1E4E0}.Debug|Any CPU.ActiveCfg = Debug|Any CPU
		{D50A2606-920B-45A9-8134-0A88ACE1E4E0}.Debug|Any CPU.Build.0 = Debug|Any CPU
		{D50A2606-920B-45A9-8134-0A88ACE1E4E0}.Release|Any CPU.ActiveCfg = Release|Any CPU
		{D50A2606-920B-45A9-8134-0A88ACE1E4E0}.Release|Any CPU.Build.0 = Release|Any CPU
		{04D6447D-D2C6-45D0-AA6D-E61AF8FC1252}.Debug|Any CPU.ActiveCfg = Debug|Any CPU
		{04D6447D-D2C6-45D0-AA6D-E61AF8FC1252}.Debug|Any CPU.Build.0 = Debug|Any CPU
		{04D6447D-D2C6-45D0-AA6D-E61AF8FC1252}.Release|Any CPU.ActiveCfg = Release|Any CPU
		{04D6447D-D2C6-45D0-AA6D-E61AF8FC1252}.Release|Any CPU.Build.0 = Release|Any CPU
		{C1982A00-2194-4579-9997-0FC1BB4065FF}.Debug|Any CPU.ActiveCfg = Debug|Any CPU
		{C1982A00-2194-4579-9997-0FC1BB4065FF}.Debug|Any CPU.Build.0 = Debug|Any CPU
		{C1982A00-2194-4579-9997-0FC1BB4065FF}.Release|Any CPU.ActiveCfg = Release|Any CPU
		{C1982A00-2194-4579-9997-0FC1BB4065FF}.Release|Any CPU.Build.0 = Release|Any CPU
		{F8B9AAD5-5DBD-4EAD-B9FA-28ED84FC0792}.Debug|Any CPU.ActiveCfg = Debug|Any CPU
		{F8B9AAD5-5DBD-4EAD-B9FA-28ED84FC0792}.Debug|Any CPU.Build.0 = Debug|Any CPU
		{F8B9AAD5-5DBD-4EAD-B9FA-28ED84FC0792}.Release|Any CPU.ActiveCfg = Release|Any CPU
		{F8B9AAD5-5DBD-4EAD-B9FA-28ED84FC0792}.Release|Any CPU.Build.0 = Release|Any CPU
		{2AAF4665-5DEE-47ED-A453-881DBC8BA2F5}.Debug|Any CPU.ActiveCfg = Debug|Any CPU
		{2AAF4665-5DEE-47ED-A453-881DBC8BA2F5}.Debug|Any CPU.Build.0 = Debug|Any CPU
		{2AAF4665-5DEE-47ED-A453-881DBC8BA2F5}.Release|Any CPU.ActiveCfg = Release|Any CPU
		{2AAF4665-5DEE-47ED-A453-881DBC8BA2F5}.Release|Any CPU.Build.0 = Release|Any CPU
		{2FF0D982-71AA-407F-B4ED-14F0B4FBA799}.Debug|Any CPU.ActiveCfg = Debug|Any CPU
		{2FF0D982-71AA-407F-B4ED-14F0B4FBA799}.Debug|Any CPU.Build.0 = Debug|Any CPU
		{2FF0D982-71AA-407F-B4ED-14F0B4FBA799}.Release|Any CPU.ActiveCfg = Release|Any CPU
		{2FF0D982-71AA-407F-B4ED-14F0B4FBA799}.Release|Any CPU.Build.0 = Release|Any CPU
		{7F11D29D-ACF0-43EF-9C19-FA5639DE50DA}.Debug|Any CPU.ActiveCfg = Debug|Any CPU
		{7F11D29D-ACF0-43EF-9C19-FA5639DE50DA}.Debug|Any CPU.Build.0 = Debug|Any CPU
		{7F11D29D-ACF0-43EF-9C19-FA5639DE50DA}.Release|Any CPU.ActiveCfg = Release|Any CPU
		{7F11D29D-ACF0-43EF-9C19-FA5639DE50DA}.Release|Any CPU.Build.0 = Release|Any CPU
		{75277FB7-A798-4D6A-AE2A-F0C8A9AB6D85}.Debug|Any CPU.ActiveCfg = Debug|Any CPU
		{75277FB7-A798-4D6A-AE2A-F0C8A9AB6D85}.Debug|Any CPU.Build.0 = Debug|Any CPU
		{75277FB7-A798-4D6A-AE2A-F0C8A9AB6D85}.Release|Any CPU.ActiveCfg = Release|Any CPU
		{75277FB7-A798-4D6A-AE2A-F0C8A9AB6D85}.Release|Any CPU.Build.0 = Release|Any CPU
		{F8DB9581-403A-4195-B637-7F77B8D4B2B0}.Debug|Any CPU.ActiveCfg = Debug|Any CPU
		{F8DB9581-403A-4195-B637-7F77B8D4B2B0}.Debug|Any CPU.Build.0 = Debug|Any CPU
		{F8DB9581-403A-4195-B637-7F77B8D4B2B0}.Release|Any CPU.ActiveCfg = Release|Any CPU
		{F8DB9581-403A-4195-B637-7F77B8D4B2B0}.Release|Any CPU.Build.0 = Release|Any CPU
		{032B2B83-BDDF-45DC-B12C-1CC58FB72336}.Debug|Any CPU.ActiveCfg = Debug|Any CPU
		{032B2B83-BDDF-45DC-B12C-1CC58FB72336}.Debug|Any CPU.Build.0 = Debug|Any CPU
		{032B2B83-BDDF-45DC-B12C-1CC58FB72336}.Release|Any CPU.ActiveCfg = Release|Any CPU
		{032B2B83-BDDF-45DC-B12C-1CC58FB72336}.Release|Any CPU.Build.0 = Release|Any CPU
		{50C3F08B-0008-4444-B0A9-D1FB20D1BBB3}.Debug|Any CPU.ActiveCfg = Debug|Any CPU
		{50C3F08B-0008-4444-B0A9-D1FB20D1BBB3}.Debug|Any CPU.Build.0 = Debug|Any CPU
		{50C3F08B-0008-4444-B0A9-D1FB20D1BBB3}.Release|Any CPU.ActiveCfg = Release|Any CPU
		{50C3F08B-0008-4444-B0A9-D1FB20D1BBB3}.Release|Any CPU.Build.0 = Release|Any CPU
		{6AF73725-BDAE-468B-8EBB-9DFED145BEBC}.Debug|Any CPU.ActiveCfg = Debug|Any CPU
		{6AF73725-BDAE-468B-8EBB-9DFED145BEBC}.Debug|Any CPU.Build.0 = Debug|Any CPU
		{6AF73725-BDAE-468B-8EBB-9DFED145BEBC}.Release|Any CPU.ActiveCfg = Release|Any CPU
		{6AF73725-BDAE-468B-8EBB-9DFED145BEBC}.Release|Any CPU.Build.0 = Release|Any CPU
	EndGlobalSection
	GlobalSection(SolutionProperties) = preSolution
		HideSolutionNode = FALSE
	EndGlobalSection
EndGlobal
